
Microsoft Visual Studio Solution File, Format Version 12.00
# Visual Studio Version 17
VisualStudioVersion = 17.0.31903.59
MinimumVisualStudioVersion = 10.0.40219.1
Project("{9A19103F-16F7-4668-BE54-9A1E7A4F7556}") = "SourceGeneratorSample", "SourceGeneratorSample\SourceGeneratorSample.csproj", "{FE0ABDC3-9E49-46D0-B87C-50860E839026}"
EndProject
Project("{9A19103F-16F7-4668-BE54-9A1E7A4F7556}") = "CodeModels", "CodeModels\CodeModels.csproj", "{1EBA96BB-07BC-43A9-BBB3-E0924E63F2DF}"
EndProject
Project("{9A19103F-16F7-4668-BE54-9A1E7A4F7556}") = "LibraryA", "LibraryA\LibraryA.csproj", "{72833083-2430-4525-91CE-24CD59C9F2B0}"
EndProject
Project("{9A19103F-16F7-4668-BE54-9A1E7A4F7556}") = "LibraryB", "LibraryB\LibraryB.csproj", "{97119967-367E-43AF-AE3A-F0A46D7A3235}"
EndProject
Project("{9A19103F-16F7-4668-BE54-9A1E7A4F7556}") = "CodeModels.Test", "CodeModels.Test\CodeModels.Test.csproj", "{6781BABF-EB6F-4E12-9136-09A989FDADFD}"
EndProject
Project("{9A19103F-16F7-4668-BE54-9A1E7A4F7556}") = "Common", "Common\Common.csproj", "{5DDC512C-735B-46EE-B664-D4F8098EAFA0}"
EndProject
Project("{9A19103F-16F7-4668-BE54-9A1E7A4F7556}") = "Common.Test", "Common.Test\Common.Test.csproj", "{952FBC79-9A84-4D35-99E1-79E9C5CB252F}"
EndProject
Project("{9A19103F-16F7-4668-BE54-9A1E7A4F7556}") = "SourceGeneration", "SourceGeneration\SourceGeneration.csproj", "{D5B237FA-195E-4C3E-B93F-202C86BE3F94}"
EndProject
Project("{9A19103F-16F7-4668-BE54-9A1E7A4F7556}") = "SourceGeneration.Test", "SourceGeneration.Test\SourceGeneration.Test.csproj", "{E811BC1E-CA34-45B7-A5B6-00CF59C9780A}"
EndProject
Project("{9A19103F-16F7-4668-BE54-9A1E7A4F7556}") = "TestCommon", "TestCommon\TestCommon.csproj", "{CC8E2D60-1914-485D-842A-B273948ADF4C}"
EndProject
Project("{FAE04EC0-301F-11D3-BF4B-00C04F79EFBC}") = "ApiGenerator", "ApiGenerator\ApiGenerator.csproj", "{AFB92769-BCFB-43CF-BEE2-AAF15B3390A7}"
EndProject
Project("{FAE04EC0-301F-11D3-BF4B-00C04F79EFBC}") = "ApiGenerator.Test", "ApiGenerator.Test\ApiGenerator.Test.csproj", "{6B33D347-1F78-45A2-9982-919021698A4E}"
EndProject
Global
	GlobalSection(SolutionConfigurationPlatforms) = preSolution
		Debug|Any CPU = Debug|Any CPU
		Release|Any CPU = Release|Any CPU
	EndGlobalSection
	GlobalSection(ProjectConfigurationPlatforms) = postSolution
		{FE0ABDC3-9E49-46D0-B87C-50860E839026}.Debug|Any CPU.ActiveCfg = Debug|Any CPU
		{FE0ABDC3-9E49-46D0-B87C-50860E839026}.Debug|Any CPU.Build.0 = Debug|Any CPU
		{FE0ABDC3-9E49-46D0-B87C-50860E839026}.Release|Any CPU.ActiveCfg = Release|Any CPU
		{FE0ABDC3-9E49-46D0-B87C-50860E839026}.Release|Any CPU.Build.0 = Release|Any CPU
		{1EBA96BB-07BC-43A9-BBB3-E0924E63F2DF}.Debug|Any CPU.ActiveCfg = Debug|Any CPU
		{1EBA96BB-07BC-43A9-BBB3-E0924E63F2DF}.Debug|Any CPU.Build.0 = Debug|Any CPU
		{1EBA96BB-07BC-43A9-BBB3-E0924E63F2DF}.Release|Any CPU.ActiveCfg = Release|Any CPU
		{1EBA96BB-07BC-43A9-BBB3-E0924E63F2DF}.Release|Any CPU.Build.0 = Release|Any CPU
		{72833083-2430-4525-91CE-24CD59C9F2B0}.Debug|Any CPU.ActiveCfg = Debug|Any CPU
		{72833083-2430-4525-91CE-24CD59C9F2B0}.Debug|Any CPU.Build.0 = Debug|Any CPU
		{72833083-2430-4525-91CE-24CD59C9F2B0}.Release|Any CPU.ActiveCfg = Release|Any CPU
		{72833083-2430-4525-91CE-24CD59C9F2B0}.Release|Any CPU.Build.0 = Release|Any CPU
		{97119967-367E-43AF-AE3A-F0A46D7A3235}.Debug|Any CPU.ActiveCfg = Debug|Any CPU
		{97119967-367E-43AF-AE3A-F0A46D7A3235}.Debug|Any CPU.Build.0 = Debug|Any CPU
		{97119967-367E-43AF-AE3A-F0A46D7A3235}.Release|Any CPU.ActiveCfg = Release|Any CPU
		{97119967-367E-43AF-AE3A-F0A46D7A3235}.Release|Any CPU.Build.0 = Release|Any CPU
		{6781BABF-EB6F-4E12-9136-09A989FDADFD}.Debug|Any CPU.ActiveCfg = Debug|Any CPU
		{6781BABF-EB6F-4E12-9136-09A989FDADFD}.Debug|Any CPU.Build.0 = Debug|Any CPU
		{6781BABF-EB6F-4E12-9136-09A989FDADFD}.Release|Any CPU.ActiveCfg = Release|Any CPU
		{6781BABF-EB6F-4E12-9136-09A989FDADFD}.Release|Any CPU.Build.0 = Release|Any CPU
		{5DDC512C-735B-46EE-B664-D4F8098EAFA0}.Debug|Any CPU.ActiveCfg = Debug|Any CPU
		{5DDC512C-735B-46EE-B664-D4F8098EAFA0}.Debug|Any CPU.Build.0 = Debug|Any CPU
		{5DDC512C-735B-46EE-B664-D4F8098EAFA0}.Release|Any CPU.ActiveCfg = Release|Any CPU
		{5DDC512C-735B-46EE-B664-D4F8098EAFA0}.Release|Any CPU.Build.0 = Release|Any CPU
		{952FBC79-9A84-4D35-99E1-79E9C5CB252F}.Debug|Any CPU.ActiveCfg = Debug|Any CPU
		{952FBC79-9A84-4D35-99E1-79E9C5CB252F}.Debug|Any CPU.Build.0 = Debug|Any CPU
		{952FBC79-9A84-4D35-99E1-79E9C5CB252F}.Release|Any CPU.ActiveCfg = Release|Any CPU
		{952FBC79-9A84-4D35-99E1-79E9C5CB252F}.Release|Any CPU.Build.0 = Release|Any CPU
		{D5B237FA-195E-4C3E-B93F-202C86BE3F94}.Debug|Any CPU.ActiveCfg = Debug|Any CPU
		{D5B237FA-195E-4C3E-B93F-202C86BE3F94}.Debug|Any CPU.Build.0 = Debug|Any CPU
		{D5B237FA-195E-4C3E-B93F-202C86BE3F94}.Release|Any CPU.ActiveCfg = Release|Any CPU
		{D5B237FA-195E-4C3E-B93F-202C86BE3F94}.Release|Any CPU.Build.0 = Release|Any CPU
		{E811BC1E-CA34-45B7-A5B6-00CF59C9780A}.Debug|Any CPU.ActiveCfg = Debug|Any CPU
		{E811BC1E-CA34-45B7-A5B6-00CF59C9780A}.Debug|Any CPU.Build.0 = Debug|Any CPU
		{E811BC1E-CA34-45B7-A5B6-00CF59C9780A}.Release|Any CPU.ActiveCfg = Release|Any CPU
		{E811BC1E-CA34-45B7-A5B6-00CF59C9780A}.Release|Any CPU.Build.0 = Release|Any CPU
		{CC8E2D60-1914-485D-842A-B273948ADF4C}.Debug|Any CPU.ActiveCfg = Debug|Any CPU
		{CC8E2D60-1914-485D-842A-B273948ADF4C}.Debug|Any CPU.Build.0 = Debug|Any CPU
		{CC8E2D60-1914-485D-842A-B273948ADF4C}.Release|Any CPU.ActiveCfg = Release|Any CPU
		{CC8E2D60-1914-485D-842A-B273948ADF4C}.Release|Any CPU.Build.0 = Release|Any CPU
		{AFB92769-BCFB-43CF-BEE2-AAF15B3390A7}.Debug|Any CPU.ActiveCfg = Debug|Any CPU
		{AFB92769-BCFB-43CF-BEE2-AAF15B3390A7}.Debug|Any CPU.Build.0 = Debug|Any CPU
		{AFB92769-BCFB-43CF-BEE2-AAF15B3390A7}.Release|Any CPU.ActiveCfg = Release|Any CPU
		{AFB92769-BCFB-43CF-BEE2-AAF15B3390A7}.Release|Any CPU.Build.0 = Release|Any CPU
		{6B33D347-1F78-45A2-9982-919021698A4E}.Debug|Any CPU.ActiveCfg = Debug|Any CPU
		{6B33D347-1F78-45A2-9982-919021698A4E}.Debug|Any CPU.Build.0 = Debug|Any CPU
		{6B33D347-1F78-45A2-9982-919021698A4E}.Release|Any CPU.ActiveCfg = Release|Any CPU
		{6B33D347-1F78-45A2-9982-919021698A4E}.Release|Any CPU.Build.0 = Release|Any CPU
	EndGlobalSection
	GlobalSection(SolutionProperties) = preSolution
		HideSolutionNode = FALSE
	EndGlobalSection
	GlobalSection(ExtensibilityGlobals) = postSolution
		SolutionGuid = {A292E611-188E-468D-B84D-717F3953C72E}
	EndGlobalSection
EndGlobal
